// !$*UTF8*$!
{
	archiveVersion = 1;
	classes = {
	};
	objectVersion = 52;
	objects = {

/* Begin PBXBuildFile section */
		8AD891B625808BB60093787A /* AppDelegate.swift in Sources */ = {isa = PBXBuildFile; fileRef = 8AD891B525808BB60093787A /* AppDelegate.swift */; };
		8AD891BA25808BB60093787A /* ViewController.swift in Sources */ = {isa = PBXBuildFile; fileRef = 8AD891B925808BB60093787A /* ViewController.swift */; };
		8AD891BF25808BB80093787A /* Assets.xcassets in Resources */ = {isa = PBXBuildFile; fileRef = 8AD891BE25808BB80093787A /* Assets.xcassets */; };
		8AD891C225808BB80093787A /* LaunchScreen.storyboard in Resources */ = {isa = PBXBuildFile; fileRef = 8AD891C025808BB80093787A /* LaunchScreen.storyboard */; };
		8AD891CD25808BF40093787A /* DemoConfig.swift in Sources */ = {isa = PBXBuildFile; fileRef = 8AD891CC25808BF40093787A /* DemoConfig.swift */; };
		8AD891EB2580AA380093787A /* CydiaSwift.h in Headers */ = {isa = PBXBuildFile; fileRef = 8AD891E92580AA380093787A /* CydiaSwift.h */; settings = {ATTRIBUTES = (Public, ); }; };
		8AD891EE2580AA380093787A /* CydiaSwift.framework in Frameworks */ = {isa = PBXBuildFile; fileRef = 8AD891E72580AA380093787A /* CydiaSwift.framework */; };
		8AD891EF2580AA380093787A /* CydiaSwift.framework in Embed Frameworks */ = {isa = PBXBuildFile; fileRef = 8AD891E72580AA380093787A /* CydiaSwift.framework */; settings = {ATTRIBUTES = (CodeSignOnCopy, RemoveHeadersOnCopy, ); }; };
		8AD891F52580AA880093787A /* CydiaSubstrate.framework in Frameworks */ = {isa = PBXBuildFile; fileRef = 8AD891D42580A6DE0093787A /* CydiaSubstrate.framework */; platformFilter = ios; };
		8AD891F62580AA880093787A /* CydiaSubstrate.framework in Embed Frameworks */ = {isa = PBXBuildFile; fileRef = 8AD891D42580A6DE0093787A /* CydiaSubstrate.framework */; platformFilter = ios; settings = {ATTRIBUTES = (CodeSignOnCopy, RemoveHeadersOnCopy, ); }; };
		8AD891F72580AA880093787A /* libsubstitute.0.dylib in Frameworks */ = {isa = PBXBuildFile; fileRef = 8AD891D62580A6DE0093787A /* libsubstitute.0.dylib */; platformFilter = ios; };
		8AD891F82580AA880093787A /* libsubstitute.0.dylib in Embed Frameworks */ = {isa = PBXBuildFile; fileRef = 8AD891D62580A6DE0093787A /* libsubstitute.0.dylib */; platformFilter = ios; settings = {ATTRIBUTES = (CodeSignOnCopy, ); }; };
		8AD891F92580AA880093787A /* libsubstrate.dylib in Frameworks */ = {isa = PBXBuildFile; fileRef = 8AD891D52580A6DE0093787A /* libsubstrate.dylib */; platformFilter = ios; };
		8AD891FA2580AA880093787A /* libsubstrate.dylib in Embed Frameworks */ = {isa = PBXBuildFile; fileRef = 8AD891D52580A6DE0093787A /* libsubstrate.dylib */; platformFilter = ios; settings = {ATTRIBUTES = (CodeSignOnCopy, ); }; };
		8AD892062580AB130093787A /* HookMaster.m in Sources */ = {isa = PBXBuildFile; fileRef = 8AD892002580AB130093787A /* HookMaster.m */; };
		8AD892082580AB130093787A /* HookMaster.h in Headers */ = {isa = PBXBuildFile; fileRef = 8AD892022580AB130093787A /* HookMaster.h */; };
/* End PBXBuildFile section */

/* Begin PBXContainerItemProxy section */
		8AD891EC2580AA380093787A /* PBXContainerItemProxy */ = {
			isa = PBXContainerItemProxy;
			containerPortal = 8AD891AA25808BB60093787A /* Project object */;
			proxyType = 1;
			remoteGlobalIDString = 8AD891E62580AA380093787A;
			remoteInfo = CydiaSwift;
		};
/* End PBXContainerItemProxy section */

/* Begin PBXCopyFilesBuildPhase section */
		8AD891DD2580A6DE0093787A /* Embed Frameworks */ = {
			isa = PBXCopyFilesBuildPhase;
			buildActionMask = 2147483647;
			dstPath = "";
			dstSubfolderSpec = 10;
			files = (
				8AD891EF2580AA380093787A /* CydiaSwift.framework in Embed Frameworks */,
			);
			name = "Embed Frameworks";
			runOnlyForDeploymentPostprocessing = 0;
		};
		8AD891FB2580AA880093787A /* Embed Frameworks */ = {
			isa = PBXCopyFilesBuildPhase;
			buildActionMask = 2147483647;
			dstPath = "";
			dstSubfolderSpec = 10;
			files = (
				8AD891F82580AA880093787A /* libsubstitute.0.dylib in Embed Frameworks */,
				8AD891FA2580AA880093787A /* libsubstrate.dylib in Embed Frameworks */,
				8AD891F62580AA880093787A /* CydiaSubstrate.framework in Embed Frameworks */,
			);
			name = "Embed Frameworks";
			runOnlyForDeploymentPostprocessing = 0;
		};
/* End PBXCopyFilesBuildPhase section */

/* Begin PBXFileReference section */
		8AD891B225808BB60093787A /* HookSwift.app */ = {isa = PBXFileReference; explicitFileType = wrapper.application; includeInIndex = 0; path = HookSwift.app; sourceTree = BUILT_PRODUCTS_DIR; };
		8AD891B525808BB60093787A /* AppDelegate.swift */ = {isa = PBXFileReference; lastKnownFileType = sourcecode.swift; path = AppDelegate.swift; sourceTree = "<group>"; };
		8AD891B925808BB60093787A /* ViewController.swift */ = {isa = PBXFileReference; lastKnownFileType = sourcecode.swift; path = ViewController.swift; sourceTree = "<group>"; };
		8AD891BE25808BB80093787A /* Assets.xcassets */ = {isa = PBXFileReference; lastKnownFileType = folder.assetcatalog; path = Assets.xcassets; sourceTree = "<group>"; };
		8AD891C125808BB80093787A /* Base */ = {isa = PBXFileReference; lastKnownFileType = file.storyboard; name = Base; path = Base.lproj/LaunchScreen.storyboard; sourceTree = "<group>"; };
		8AD891C325808BB80093787A /* Info.plist */ = {isa = PBXFileReference; lastKnownFileType = text.plist.xml; path = Info.plist; sourceTree = "<group>"; };
		8AD891CC25808BF40093787A /* DemoConfig.swift */ = {isa = PBXFileReference; lastKnownFileType = sourcecode.swift; path = DemoConfig.swift; sourceTree = "<group>"; };
		8AD891D42580A6DE0093787A /* CydiaSubstrate.framework */ = {isa = PBXFileReference; lastKnownFileType = wrapper.framework; name = CydiaSubstrate.framework; path = Lib/CydiaSubstrate.framework; sourceTree = "<group>"; };
		8AD891D52580A6DE0093787A /* libsubstrate.dylib */ = {isa = PBXFileReference; lastKnownFileType = "compiled.mach-o.dylib"; name = libsubstrate.dylib; path = Lib/libsubstrate.dylib; sourceTree = "<group>"; };
		8AD891D62580A6DE0093787A /* libsubstitute.0.dylib */ = {isa = PBXFileReference; lastKnownFileType = "compiled.mach-o.dylib"; name = libsubstitute.0.dylib; path = Lib/libsubstitute.0.dylib; sourceTree = "<group>"; };
		8AD891E72580AA380093787A /* CydiaSwift.framework */ = {isa = PBXFileReference; explicitFileType = wrapper.framework; includeInIndex = 0; path = CydiaSwift.framework; sourceTree = BUILT_PRODUCTS_DIR; };
		8AD891E92580AA380093787A /* CydiaSwift.h */ = {isa = PBXFileReference; lastKnownFileType = sourcecode.c.h; path = CydiaSwift.h; sourceTree = "<group>"; };
		8AD891EA2580AA380093787A /* Info.plist */ = {isa = PBXFileReference; lastKnownFileType = text.plist.xml; path = Info.plist; sourceTree = "<group>"; };
		8AD892002580AB130093787A /* HookMaster.m */ = {isa = PBXFileReference; fileEncoding = 4; lastKnownFileType = sourcecode.c.objc; path = HookMaster.m; sourceTree = "<group>"; };
		8AD892022580AB130093787A /* HookMaster.h */ = {isa = PBXFileReference; fileEncoding = 4; lastKnownFileType = sourcecode.c.h; path = HookMaster.h; sourceTree = "<group>"; };
/* End PBXFileReference section */

/* Begin PBXFrameworksBuildPhase section */
		8AD891AF25808BB60093787A /* Frameworks */ = {
			isa = PBXFrameworksBuildPhase;
			buildActionMask = 2147483647;
			files = (
				8AD891EE2580AA380093787A /* CydiaSwift.framework in Frameworks */,
			);
			runOnlyForDeploymentPostprocessing = 0;
		};
		8AD891E42580AA380093787A /* Frameworks */ = {
			isa = PBXFrameworksBuildPhase;
			buildActionMask = 2147483647;
			files = (
				8AD891F72580AA880093787A /* libsubstitute.0.dylib in Frameworks */,
				8AD891F92580AA880093787A /* libsubstrate.dylib in Frameworks */,
				8AD891F52580AA880093787A /* CydiaSubstrate.framework in Frameworks */,
			);
			runOnlyForDeploymentPostprocessing = 0;
		};
/* End PBXFrameworksBuildPhase section */

/* Begin PBXGroup section */
		8AD891A925808BB60093787A = {
			isa = PBXGroup;
			children = (
				8AD891B425808BB60093787A /* HookSwift */,
				8AD891E82580AA380093787A /* CydiaSwift */,
				8AD891B325808BB60093787A /* Products */,
				8AD891D32580A6DE0093787A /* Frameworks */,
			);
			sourceTree = "<group>";
		};
		8AD891B325808BB60093787A /* Products */ = {
			isa = PBXGroup;
			children = (
				8AD891B225808BB60093787A /* HookSwift.app */,
				8AD891E72580AA380093787A /* CydiaSwift.framework */,
			);
			name = Products;
			sourceTree = "<group>";
		};
		8AD891B425808BB60093787A /* HookSwift */ = {
			isa = PBXGroup;
			children = (
				8AD891B525808BB60093787A /* AppDelegate.swift */,
				8AD891B925808BB60093787A /* ViewController.swift */,
				8AD891BE25808BB80093787A /* Assets.xcassets */,
				8AD891C025808BB80093787A /* LaunchScreen.storyboard */,
				8AD891C325808BB80093787A /* Info.plist */,
				8AD891CC25808BF40093787A /* DemoConfig.swift */,
			);
			path = HookSwift;
			sourceTree = "<group>";
		};
		8AD891D32580A6DE0093787A /* Frameworks */ = {
			isa = PBXGroup;
			children = (
				8AD891D42580A6DE0093787A /* CydiaSubstrate.framework */,
				8AD891D62580A6DE0093787A /* libsubstitute.0.dylib */,
				8AD891D52580A6DE0093787A /* libsubstrate.dylib */,
			);
			name = Frameworks;
			sourceTree = "<group>";
		};
		8AD891E82580AA380093787A /* CydiaSwift */ = {
			isa = PBXGroup;
			children = (
				8AD892022580AB130093787A /* HookMaster.h */,
				8AD892002580AB130093787A /* HookMaster.m */,
				8AD891E92580AA380093787A /* CydiaSwift.h */,
				8AD891EA2580AA380093787A /* Info.plist */,
			);
			path = CydiaSwift;
			sourceTree = "<group>";
		};
/* End PBXGroup section */

/* Begin PBXHeadersBuildPhase section */
		8AD891E22580AA380093787A /* Headers */ = {
			isa = PBXHeadersBuildPhase;
			buildActionMask = 2147483647;
			files = (
				8AD891EB2580AA380093787A /* CydiaSwift.h in Headers */,
				8AD892082580AB130093787A /* HookMaster.h in Headers */,
			);
			runOnlyForDeploymentPostprocessing = 0;
		};
/* End PBXHeadersBuildPhase section */

/* Begin PBXNativeTarget section */
		8AD891B125808BB60093787A /* HookSwift */ = {
			isa = PBXNativeTarget;
			buildConfigurationList = 8AD891C625808BB80093787A /* Build configuration list for PBXNativeTarget "HookSwift" */;
			buildPhases = (
				8AD891AE25808BB60093787A /* Sources */,
				8AD891AF25808BB60093787A /* Frameworks */,
				8AD891B025808BB60093787A /* Resources */,
				8AD891DD2580A6DE0093787A /* Embed Frameworks */,
			);
			buildRules = (
			);
			dependencies = (
				8AD891ED2580AA380093787A /* PBXTargetDependency */,
			);
			name = HookSwift;
			productName = HookSwift;
			productReference = 8AD891B225808BB60093787A /* HookSwift.app */;
			productType = "com.apple.product-type.application";
		};
		8AD891E62580AA380093787A /* CydiaSwift */ = {
			isa = PBXNativeTarget;
			buildConfigurationList = 8AD891F22580AA380093787A /* Build configuration list for PBXNativeTarget "CydiaSwift" */;
			buildPhases = (
				8AD891E22580AA380093787A /* Headers */,
				8AD891E32580AA380093787A /* Sources */,
				8AD891E42580AA380093787A /* Frameworks */,
				8AD891E52580AA380093787A /* Resources */,
				8AD891FB2580AA880093787A /* Embed Frameworks */,
			);
			buildRules = (
			);
			dependencies = (
			);
			name = CydiaSwift;
			productName = CydiaSwift;
			productReference = 8AD891E72580AA380093787A /* CydiaSwift.framework */;
			productType = "com.apple.product-type.framework";
		};
/* End PBXNativeTarget section */

/* Begin PBXProject section */
		8AD891AA25808BB60093787A /* Project object */ = {
			isa = PBXProject;
			attributes = {
				LastSwiftUpdateCheck = 1210;
				LastUpgradeCheck = 1210;
				TargetAttributes = {
					8AD891B125808BB60093787A = {
						CreatedOnToolsVersion = 12.1;
						LastSwiftMigration = 1210;
					};
					8AD891E62580AA380093787A = {
						CreatedOnToolsVersion = 12.1;
					};
				};
			};
			buildConfigurationList = 8AD891AD25808BB60093787A /* Build configuration list for PBXProject "HookSwift" */;
			compatibilityVersion = "Xcode 9.3";
			developmentRegion = en;
			hasScannedForEncodings = 0;
			knownRegions = (
				en,
				Base,
			);
			mainGroup = 8AD891A925808BB60093787A;
			productRefGroup = 8AD891B325808BB60093787A /* Products */;
			projectDirPath = "";
			projectRoot = "";
			targets = (
				8AD891B125808BB60093787A /* HookSwift */,
				8AD891E62580AA380093787A /* CydiaSwift */,
			);
		};
/* End PBXProject section */

/* Begin PBXResourcesBuildPhase section */
		8AD891B025808BB60093787A /* Resources */ = {
			isa = PBXResourcesBuildPhase;
			buildActionMask = 2147483647;
			files = (
				8AD891C225808BB80093787A /* LaunchScreen.storyboard in Resources */,
				8AD891BF25808BB80093787A /* Assets.xcassets in Resources */,
			);
			runOnlyForDeploymentPostprocessing = 0;
		};
		8AD891E52580AA380093787A /* Resources */ = {
			isa = PBXResourcesBuildPhase;
			buildActionMask = 2147483647;
			files = (
			);
			runOnlyForDeploymentPostprocessing = 0;
		};
/* End PBXResourcesBuildPhase section */

/* Begin PBXSourcesBuildPhase section */
		8AD891AE25808BB60093787A /* Sources */ = {
			isa = PBXSourcesBuildPhase;
			buildActionMask = 2147483647;
			files = (
				8AD891BA25808BB60093787A /* ViewController.swift in Sources */,
				8AD891B625808BB60093787A /* AppDelegate.swift in Sources */,
				8AD891CD25808BF40093787A /* DemoConfig.swift in Sources */,
			);
			runOnlyForDeploymentPostprocessing = 0;
		};
		8AD891E32580AA380093787A /* Sources */ = {
			isa = PBXSourcesBuildPhase;
			buildActionMask = 2147483647;
			files = (
				8AD892062580AB130093787A /* HookMaster.m in Sources */,
			);
			runOnlyForDeploymentPostprocessing = 0;
		};
/* End PBXSourcesBuildPhase section */

/* Begin PBXTargetDependency section */
		8AD891ED2580AA380093787A /* PBXTargetDependency */ = {
			isa = PBXTargetDependency;
			target = 8AD891E62580AA380093787A /* CydiaSwift */;
			targetProxy = 8AD891EC2580AA380093787A /* PBXContainerItemProxy */;
		};
/* End PBXTargetDependency section */

/* Begin PBXVariantGroup section */
		8AD891C025808BB80093787A /* LaunchScreen.storyboard */ = {
			isa = PBXVariantGroup;
			children = (
				8AD891C125808BB80093787A /* Base */,
			);
			name = LaunchScreen.storyboard;
			sourceTree = "<group>";
		};
/* End PBXVariantGroup section */

/* Begin XCBuildConfiguration section */
		8AD891C425808BB80093787A /* Debug */ = {
			isa = XCBuildConfiguration;
			buildSettings = {
				ALWAYS_SEARCH_USER_PATHS = NO;
				CLANG_ANALYZER_NONNULL = YES;
				CLANG_ANALYZER_NUMBER_OBJECT_CONVERSION = YES_AGGRESSIVE;
				CLANG_CXX_LANGUAGE_STANDARD = "gnu++14";
				CLANG_CXX_LIBRARY = "libc++";
				CLANG_ENABLE_MODULES = YES;
				CLANG_ENABLE_OBJC_ARC = YES;
				CLANG_ENABLE_OBJC_WEAK = YES;
				CLANG_WARN_BLOCK_CAPTURE_AUTORELEASING = YES;
				CLANG_WARN_BOOL_CONVERSION = YES;
				CLANG_WARN_COMMA = YES;
				CLANG_WARN_CONSTANT_CONVERSION = YES;
				CLANG_WARN_DEPRECATED_OBJC_IMPLEMENTATIONS = YES;
				CLANG_WARN_DIRECT_OBJC_ISA_USAGE = YES_ERROR;
				CLANG_WARN_DOCUMENTATION_COMMENTS = YES;
				CLANG_WARN_EMPTY_BODY = YES;
				CLANG_WARN_ENUM_CONVERSION = YES;
				CLANG_WARN_INFINITE_RECURSION = YES;
				CLANG_WARN_INT_CONVERSION = YES;
				CLANG_WARN_NON_LITERAL_NULL_CONVERSION = YES;
				CLANG_WARN_OBJC_IMPLICIT_RETAIN_SELF = YES;
				CLANG_WARN_OBJC_LITERAL_CONVERSION = YES;
				CLANG_WARN_OBJC_ROOT_CLASS = YES_ERROR;
				CLANG_WARN_QUOTED_INCLUDE_IN_FRAMEWORK_HEADER = YES;
				CLANG_WARN_RANGE_LOOP_ANALYSIS = YES;
				CLANG_WARN_STRICT_PROTOTYPES = YES;
				CLANG_WARN_SUSPICIOUS_MOVE = YES;
				CLANG_WARN_UNGUARDED_AVAILABILITY = YES_AGGRESSIVE;
				CLANG_WARN_UNREACHABLE_CODE = YES;
				CLANG_WARN__DUPLICATE_METHOD_MATCH = YES;
				COPY_PHASE_STRIP = NO;
				DEBUG_INFORMATION_FORMAT = dwarf;
				ENABLE_STRICT_OBJC_MSGSEND = YES;
				ENABLE_TESTABILITY = YES;
				GCC_C_LANGUAGE_STANDARD = gnu11;
				GCC_DYNAMIC_NO_PIC = NO;
				GCC_NO_COMMON_BLOCKS = YES;
				GCC_OPTIMIZATION_LEVEL = 0;
				GCC_PREPROCESSOR_DEFINITIONS = (
					"DEBUG=1",
					"$(inherited)",
				);
				GCC_WARN_64_TO_32_BIT_CONVERSION = YES;
				GCC_WARN_ABOUT_RETURN_TYPE = YES_ERROR;
				GCC_WARN_UNDECLARED_SELECTOR = YES;
				GCC_WARN_UNINITIALIZED_AUTOS = YES_AGGRESSIVE;
				GCC_WARN_UNUSED_FUNCTION = YES;
				GCC_WARN_UNUSED_VARIABLE = YES;
				IPHONEOS_DEPLOYMENT_TARGET = 14.1;
				MTL_ENABLE_DEBUG_INFO = INCLUDE_SOURCE;
				MTL_FAST_MATH = YES;
				ONLY_ACTIVE_ARCH = YES;
				SDKROOT = iphoneos;
				SWIFT_ACTIVE_COMPILATION_CONDITIONS = DEBUG;
				SWIFT_OPTIMIZATION_LEVEL = "-Onone";
			};
			name = Debug;
		};
		8AD891C525808BB80093787A /* Release */ = {
			isa = XCBuildConfiguration;
			buildSettings = {
				ALWAYS_SEARCH_USER_PATHS = NO;
				CLANG_ANALYZER_NONNULL = YES;
				CLANG_ANALYZER_NUMBER_OBJECT_CONVERSION = YES_AGGRESSIVE;
				CLANG_CXX_LANGUAGE_STANDARD = "gnu++14";
				CLANG_CXX_LIBRARY = "libc++";
				CLANG_ENABLE_MODULES = YES;
				CLANG_ENABLE_OBJC_ARC = YES;
				CLANG_ENABLE_OBJC_WEAK = YES;
				CLANG_WARN_BLOCK_CAPTURE_AUTORELEASING = YES;
				CLANG_WARN_BOOL_CONVERSION = YES;
				CLANG_WARN_COMMA = YES;
				CLANG_WARN_CONSTANT_CONVERSION = YES;
				CLANG_WARN_DEPRECATED_OBJC_IMPLEMENTATIONS = YES;
				CLANG_WARN_DIRECT_OBJC_ISA_USAGE = YES_ERROR;
				CLANG_WARN_DOCUMENTATION_COMMENTS = YES;
				CLANG_WARN_EMPTY_BODY = YES;
				CLANG_WARN_ENUM_CONVERSION = YES;
				CLANG_WARN_INFINITE_RECURSION = YES;
				CLANG_WARN_INT_CONVERSION = YES;
				CLANG_WARN_NON_LITERAL_NULL_CONVERSION = YES;
				CLANG_WARN_OBJC_IMPLICIT_RETAIN_SELF = YES;
				CLANG_WARN_OBJC_LITERAL_CONVERSION = YES;
				CLANG_WARN_OBJC_ROOT_CLASS = YES_ERROR;
				CLANG_WARN_QUOTED_INCLUDE_IN_FRAMEWORK_HEADER = YES;
				CLANG_WARN_RANGE_LOOP_ANALYSIS = YES;
				CLANG_WARN_STRICT_PROTOTYPES = YES;
				CLANG_WARN_SUSPICIOUS_MOVE = YES;
				CLANG_WARN_UNGUARDED_AVAILABILITY = YES_AGGRESSIVE;
				CLANG_WARN_UNREACHABLE_CODE = YES;
				CLANG_WARN__DUPLICATE_METHOD_MATCH = YES;
				COPY_PHASE_STRIP = NO;
				DEBUG_INFORMATION_FORMAT = "dwarf-with-dsym";
				ENABLE_NS_ASSERTIONS = NO;
				ENABLE_STRICT_OBJC_MSGSEND = YES;
				GCC_C_LANGUAGE_STANDARD = gnu11;
				GCC_NO_COMMON_BLOCKS = YES;
				GCC_WARN_64_TO_32_BIT_CONVERSION = YES;
				GCC_WARN_ABOUT_RETURN_TYPE = YES_ERROR;
				GCC_WARN_UNDECLARED_SELECTOR = YES;
				GCC_WARN_UNINITIALIZED_AUTOS = YES_AGGRESSIVE;
				GCC_WARN_UNUSED_FUNCTION = YES;
				GCC_WARN_UNUSED_VARIABLE = YES;
				IPHONEOS_DEPLOYMENT_TARGET = 14.1;
				MTL_ENABLE_DEBUG_INFO = NO;
				MTL_FAST_MATH = YES;
				SDKROOT = iphoneos;
				SWIFT_COMPILATION_MODE = wholemodule;
				SWIFT_OPTIMIZATION_LEVEL = "-O";
				VALIDATE_PRODUCT = YES;
			};
			name = Release;
		};
		8AD891C725808BB80093787A /* Debug */ = {
			isa = XCBuildConfiguration;
			buildSettings = {
				ASSETCATALOG_COMPILER_APPICON_NAME = AppIcon;
				ASSETCATALOG_COMPILER_GLOBAL_ACCENT_COLOR_NAME = AccentColor;
				CLANG_ENABLE_MODULES = YES;
				CODE_SIGN_STYLE = Automatic;
				DEVELOPMENT_TEAM = C9MJ8RURYQ;
				ENABLE_BITCODE = NO;
				FRAMEWORK_SEARCH_PATHS = (
					"$(inherited)",
					"$(PROJECT_DIR)/Lib",
				);
				INFOPLIST_FILE = HookSwift/Info.plist;
				IPHONEOS_DEPLOYMENT_TARGET = 10.0;
				LD_RUNPATH_SEARCH_PATHS = (
					"$(inherited)",
					"@executable_path/Frameworks",
				);
				LIBRARY_SEARCH_PATHS = (
					"$(inherited)",
					"$(PROJECT_DIR)/Lib",
				);
				PRODUCT_BUNDLE_IDENTIFIER = com.apiintegrate.HookSwift;
				PRODUCT_NAME = "$(TARGET_NAME)";
				SWIFT_OBJC_BRIDGING_HEADER = "";
				SWIFT_OPTIMIZATION_LEVEL = "-Onone";
				SWIFT_VERSION = 5.0;
				TARGETED_DEVICE_FAMILY = 1;
			};
			name = Debug;
		};
		8AD891C825808BB80093787A /* Release */ = {
			isa = XCBuildConfiguration;
			buildSettings = {
				ASSETCATALOG_COMPILER_APPICON_NAME = AppIcon;
				ASSETCATALOG_COMPILER_GLOBAL_ACCENT_COLOR_NAME = AccentColor;
				CLANG_ENABLE_MODULES = YES;
				CODE_SIGN_STYLE = Automatic;
				DEVELOPMENT_TEAM = C9MJ8RURYQ;
				ENABLE_BITCODE = NO;
				FRAMEWORK_SEARCH_PATHS = (
					"$(inherited)",
					"$(PROJECT_DIR)/Lib",
				);
				INFOPLIST_FILE = HookSwift/Info.plist;
				IPHONEOS_DEPLOYMENT_TARGET = 10.0;
				LD_RUNPATH_SEARCH_PATHS = (
					"$(inherited)",
					"@executable_path/Frameworks",
				);
				LIBRARY_SEARCH_PATHS = (
					"$(inherited)",
					"$(PROJECT_DIR)/Lib",
				);
				PRODUCT_BUNDLE_IDENTIFIER = com.apiintegrate.HookSwift;
				PRODUCT_NAME = "$(TARGET_NAME)";
				SWIFT_OBJC_BRIDGING_HEADER = "";
				SWIFT_VERSION = 5.0;
				TARGETED_DEVICE_FAMILY = 1;
			};
			name = Release;
		};
		8AD891F02580AA380093787A /* Debug */ = {
			isa = XCBuildConfiguration;
			buildSettings = {
				CODE_SIGN_STYLE = Automatic;
				CURRENT_PROJECT_VERSION = 1;
				DEFINES_MODULE = YES;
				DEVELOPMENT_TEAM = C9MJ8RURYQ;
				DYLIB_COMPATIBILITY_VERSION = 1;
				DYLIB_CURRENT_VERSION = 1;
				DYLIB_INSTALL_NAME_BASE = "@rpath";
				ENABLE_BITCODE = NO;
				FRAMEWORK_SEARCH_PATHS = (
					"$(inherited)",
					"$(PROJECT_DIR)/Lib",
				);
				INFOPLIST_FILE = CydiaSwift/Info.plist;
				INSTALL_PATH = "$(LOCAL_LIBRARY_DIR)/Frameworks";
				LD_RUNPATH_SEARCH_PATHS = (
					"$(inherited)",
					"@executable_path/Frameworks",
					"@loader_path/Frameworks",
				);
				LIBRARY_SEARCH_PATHS = (
					"$(inherited)",
					"$(PROJECT_DIR)/Lib",
				);
				PRODUCT_BUNDLE_IDENTIFIER = com.vulcanlab.apiintegrate.CydiaSwift;
				PRODUCT_NAME = "$(TARGET_NAME:c99extidentifier)";
				SKIP_INSTALL = YES;
				TARGETED_DEVICE_FAMILY = "1,2";
				VERSIONING_SYSTEM = "apple-generic";
				VERSION_INFO_PREFIX = "";
			};
			name = Debug;
		};
		8AD891F12580AA380093787A /* Release */ = {
			isa = XCBuildConfiguration;
			buildSettings = {
				CODE_SIGN_STYLE = Automatic;
				CURRENT_PROJECT_VERSION = 1;
				DEFINES_MODULE = YES;
				DEVELOPMENT_TEAM = C9MJ8RURYQ;
				DYLIB_COMPATIBILITY_VERSION = 1;
				DYLIB_CURRENT_VERSION = 1;
				DYLIB_INSTALL_NAME_BASE = "@rpath";
				ENABLE_BITCODE = NO;
				FRAMEWORK_SEARCH_PATHS = (
					"$(inherited)",
					"$(PROJECT_DIR)/Lib",
				);
				INFOPLIST_FILE = CydiaSwift/Info.plist;
				INSTALL_PATH = "$(LOCAL_LIBRARY_DIR)/Frameworks";
				LD_RUNPATH_SEARCH_PATHS = (
					"$(inherited)",
					"@executable_path/Frameworks",
					"@loader_path/Frameworks",
				);
				LIBRARY_SEARCH_PATHS = (
					"$(inherited)",
					"$(PROJECT_DIR)/Lib",
				);
				PRODUCT_BUNDLE_IDENTIFIER = com.vulcanlab.apiintegrate.CydiaSwift;
				PRODUCT_NAME = "$(TARGET_NAME:c99extidentifier)";
				SKIP_INSTALL = YES;
				TARGETED_DEVICE_FAMILY = "1,2";
				VERSIONING_SYSTEM = "apple-generic";
				VERSION_INFO_PREFIX = "";
			};
			name = Release;
		};
/* End XCBuildConfiguration section */

/* Begin XCConfigurationList section */
		8AD891AD25808BB60093787A /* Build configuration list for PBXProject "HookSwift" */ = {
			isa = XCConfigurationList;
			buildConfigurations = (
				8AD891C425808BB80093787A /* Debug */,
				8AD891C525808BB80093787A /* Release */,
			);
			defaultConfigurationIsVisible = 0;
			defaultConfigurationName = Release;
		};
		8AD891C625808BB80093787A /* Build configuration list for PBXNativeTarget "HookSwift" */ = {
			isa = XCConfigurationList;
			buildConfigurations = (
				8AD891C725808BB80093787A /* Debug */,
				8AD891C825808BB80093787A /* Release */,
			);
			defaultConfigurationIsVisible = 0;
			defaultConfigurationName = Release;
		};
		8AD891F22580AA380093787A /* Build configuration list for PBXNativeTarget "CydiaSwift" */ = {
			isa = XCConfigurationList;
			buildConfigurations = (
				8AD891F02580AA380093787A /* Debug */,
				8AD891F12580AA380093787A /* Release */,
			);
			defaultConfigurationIsVisible = 0;
			defaultConfigurationName = Release;
		};
/* End XCConfigurationList section */
	};
	rootObject = 8AD891AA25808BB60093787A /* Project object */;
}
